// !$*UTF8*$!
{
	archiveVersion = 1;
	classes = {
	};
	objectVersion = 46;
	objects = {

/* Begin PBXBuildFile section */
		BEE69B081E1942230090DDF5 /* ResultViewController.swift in Sources */ = {isa = PBXBuildFile; fileRef = BEE69B071E1942230090DDF5 /* ResultViewController.swift */; };
		BEFB01651E018E3B00232F35 /* AppDelegate.swift in Sources */ = {isa = PBXBuildFile; fileRef = BEFB01641E018E3B00232F35 /* AppDelegate.swift */; };
		BEFB01671E018E3B00232F35 /* ViewController.swift in Sources */ = {isa = PBXBuildFile; fileRef = BEFB01661E018E3B00232F35 /* ViewController.swift */; };
		BEFB016A1E018E3B00232F35 /* Main.storyboard in Resources */ = {isa = PBXBuildFile; fileRef = BEFB01681E018E3B00232F35 /* Main.storyboard */; };
		BEFB016C1E018E3B00232F35 /* Assets.xcassets in Resources */ = {isa = PBXBuildFile; fileRef = BEFB016B1E018E3B00232F35 /* Assets.xcassets */; };
		BEFB016F1E018E3B00232F35 /* LaunchScreen.storyboard in Resources */ = {isa = PBXBuildFile; fileRef = BEFB016D1E018E3B00232F35 /* LaunchScreen.storyboard */; };
		BEFB01771E019DCA00232F35 /* PercentViewController.swift in Sources */ = {isa = PBXBuildFile; fileRef = BEFB01761E019DCA00232F35 /* PercentViewController.swift */; };
/* End PBXBuildFile section */

/* Begin PBXFileReference section */
		BEE69B071E1942230090DDF5 /* ResultViewController.swift */ = {isa = PBXFileReference; fileEncoding = 4; lastKnownFileType = sourcecode.swift; path = ResultViewController.swift; sourceTree = "<group>"; };
		BEFB01611E018E3B00232F35 /* MyCalc.app */ = {isa = PBXFileReference; explicitFileType = wrapper.application; includeInIndex = 0; path = MyCalc.app; sourceTree = BUILT_PRODUCTS_DIR; };
		BEFB01641E018E3B00232F35 /* AppDelegate.swift */ = {isa = PBXFileReference; lastKnownFileType = sourcecode.swift; path = AppDelegate.swift; sourceTree = "<group>"; };
		BEFB01661E018E3B00232F35 /* ViewController.swift */ = {isa = PBXFileReference; lastKnownFileType = sourcecode.swift; path = ViewController.swift; sourceTree = "<group>"; };
		BEFB01691E018E3B00232F35 /* Base */ = {isa = PBXFileReference; lastKnownFileType = file.storyboard; name = Base; path = Base.lproj/Main.storyboard; sourceTree = "<group>"; };
		BEFB016B1E018E3B00232F35 /* Assets.xcassets */ = {isa = PBXFileReference; lastKnownFileType = folder.assetcatalog; path = Assets.xcassets; sourceTree = "<group>"; };
		BEFB016E1E018E3B00232F35 /* Base */ = {isa = PBXFileReference; lastKnownFileType = file.storyboard; name = Base; path = Base.lproj/LaunchScreen.storyboard; sourceTree = "<group>"; };
		BEFB01701E018E3B00232F35 /* Info.plist */ = {isa = PBXFileReference; lastKnownFileType = text.plist.xml; path = Info.plist; sourceTree = "<group>"; };
		BEFB01761E019DCA00232F35 /* PercentViewController.swift */ = {isa = PBXFileReference; fileEncoding = 4; lastKnownFileType = sourcecode.swift; path = PercentViewController.swift; sourceTree = "<group>"; };
/* End PBXFileReference section */

/* Begin PBXFrameworksBuildPhase section */
		BEFB015E1E018E3B00232F35 /* Frameworks */ = {
			isa = PBXFrameworksBuildPhase;
			buildActionMask = 2147483647;
			files = (
			);
			runOnlyForDeploymentPostprocessing = 0;
		};
/* End PBXFrameworksBuildPhase section */

/* Begin PBXGroup section */
		BEFB01581E018E3B00232F35 = {
			isa = PBXGroup;
			children = (
				BEFB01631E018E3B00232F35 /* MyCalc */,
				BEFB01621E018E3B00232F35 /* Products */,
			);
			sourceTree = "<group>";
		};
		BEFB01621E018E3B00232F35 /* Products */ = {
			isa = PBXGroup;
			children = (
				BEFB01611E018E3B00232F35 /* MyCalc.app */,
			);
			name = Products;
			sourceTree = "<group>";
		};
		BEFB01631E018E3B00232F35 /* MyCalc */ = {
			isa = PBXGroup;
			children = (
				BEFB01641E018E3B00232F35 /* AppDelegate.swift */,
				BEFB01661E018E3B00232F35 /* ViewController.swift */,
				BEFB01681E018E3B00232F35 /* Main.storyboard */,
				BEFB01761E019DCA00232F35 /* PercentViewController.swift */,
				BEE69B071E1942230090DDF5 /* ResultViewController.swift */,
				BEFB016B1E018E3B00232F35 /* Assets.xcassets */,
				BEFB016D1E018E3B00232F35 /* LaunchScreen.storyboard */,
				BEFB01701E018E3B00232F35 /* Info.plist */,
			);
			path = MyCalc;
			sourceTree = "<group>";
		};
/* End PBXGroup section */

/* Begin PBXNativeTarget section */
		BEFB01601E018E3B00232F35 /* MyCalc */ = {
			isa = PBXNativeTarget;
			buildConfigurationList = BEFB01731E018E3B00232F35 /* Build configuration list for PBXNativeTarget "MyCalc" */;
			buildPhases = (
				BEFB015D1E018E3B00232F35 /* Sources */,
				BEFB015E1E018E3B00232F35 /* Frameworks */,
				BEFB015F1E018E3B00232F35 /* Resources */,
			);
			buildRules = (
			);
			dependencies = (
			);
			name = MyCalc;
			productName = MyCalc;
			productReference = BEFB01611E018E3B00232F35 /* MyCalc.app */;
			productType = "com.apple.product-type.application";
		};
/* End PBXNativeTarget section */

/* Begin PBXProject section */
		BEFB01591E018E3B00232F35 /* Project object */ = {
			isa = PBXProject;
			attributes = {
				LastSwiftUpdateCheck = 0810;
				LastUpgradeCheck = 1130;
				ORGANIZATIONNAME = KEN;
				TargetAttributes = {
					BEFB01601E018E3B00232F35 = {
						CreatedOnToolsVersion = 8.1;
						DevelopmentTeam = BR6259N4VZ;
						ProvisioningStyle = Automatic;
					};
				};
			};
			buildConfigurationList = BEFB015C1E018E3B00232F35 /* Build configuration list for PBXProject "MyCalc" */;
			compatibilityVersion = "Xcode 3.2";
			developmentRegion = en;
			hasScannedForEncodings = 0;
			knownRegions = (
				en,
				Base,
			);
			mainGroup = BEFB01581E018E3B00232F35;
			productRefGroup = BEFB01621E018E3B00232F35 /* Products */;
			projectDirPath = "";
			projectRoot = "";
			targets = (
				BEFB01601E018E3B00232F35 /* MyCalc */,
			);
		};
/* End PBXProject section */

/* Begin PBXResourcesBuildPhase section */
		BEFB015F1E018E3B00232F35 /* Resources */ = {
			isa = PBXResourcesBuildPhase;
			buildActionMask = 2147483647;
			files = (
				BEFB016F1E018E3B00232F35 /* LaunchScreen.storyboard in Resources */,
				BEFB016C1E018E3B00232F35 /* Assets.xcassets in Resources */,
				BEFB016A1E018E3B00232F35 /* Main.storyboard in Resources */,
			);
			runOnlyForDeploymentPostprocessing = 0;
		};
/* End PBXResourcesBuildPhase section */

/* Begin PBXSourcesBuildPhase section */
		BEFB015D1E018E3B00232F35 /* Sources */ = {
			isa = PBXSourcesBuildPhase;
			buildActionMask = 2147483647;
			files = (
				BEFB01671E018E3B00232F35 /* ViewController.swift in Sources */,
				BEFB01651E018E3B00232F35 /* AppDelegate.swift in Sources */,
				BEFB01771E019DCA00232F35 /* PercentViewController.swift in Sources */,
				BEE69B081E1942230090DDF5 /* ResultViewController.swift in Sources */,
			);
			runOnlyForDeploymentPostprocessing = 0;
		};
/* End PBXSourcesBuildPhase section */

/* Begin PBXVariantGroup section */
		BEFB01681E018E3B00232F35 /* Main.storyboard */ = {
			isa = PBXVariantGroup;
			children = (
				BEFB01691E018E3B00232F35 /* Base */,
			);
			name = Main.storyboard;
			sourceTree = "<group>";
		};
		BEFB016D1E018E3B00232F35 /* LaunchScreen.storyboard */ = {
			isa = PBXVariantGroup;
			children = (
				BEFB016E1E018E3B00232F35 /* Base */,
			);
			name = LaunchScreen.storyboard;
			sourceTree = "<group>";
		};
/* End PBXVariantGroup section */

/* Begin XCBuildConfiguration section */
		BEFB01711E018E3B00232F35 /* Debug */ = {
			isa = XCBuildConfiguration;
			buildSettings = {
				ALWAYS_SEARCH_USER_PATHS = NO;
				CLANG_ANALYZER_LOCALIZABILITY_NONLOCALIZED = YES;
				CLANG_ANALYZER_NONNULL = YES;
				CLANG_CXX_LANGUAGE_STANDARD = "gnu++0x";
				CLANG_CXX_LIBRARY = "libc++";
				CLANG_ENABLE_MODULES = YES;
				CLANG_ENABLE_OBJC_ARC = YES;
				CLANG_WARN_BLOCK_CAPTURE_AUTORELEASING = YES;
				CLANG_WARN_BOOL_CONVERSION = YES;
				CLANG_WARN_COMMA = YES;
				CLANG_WARN_CONSTANT_CONVERSION = YES;
				CLANG_WARN_DEPRECATED_OBJC_IMPLEMENTATIONS = YES;
				CLANG_WARN_DIRECT_OBJC_ISA_USAGE = YES_ERROR;
				CLANG_WARN_DOCUMENTATION_COMMENTS = YES;
				CLANG_WARN_EMPTY_BODY = YES;
				CLANG_WARN_ENUM_CONVERSION = YES;
				CLANG_WARN_INFINITE_RECURSION = YES;
				CLANG_WARN_INT_CONVERSION = YES;
				CLANG_WARN_NON_LITERAL_NULL_CONVERSION = YES;
				CLANG_WARN_OBJC_IMPLICIT_RETAIN_SELF = YES;
				CLANG_WARN_OBJC_LITERAL_CONVERSION = YES;
				CLANG_WARN_OBJC_ROOT_CLASS = YES_ERROR;
				CLANG_WARN_RANGE_LOOP_ANALYSIS = YES;
				CLANG_WARN_STRICT_PROTOTYPES = YES;
				CLANG_WARN_SUSPICIOUS_MOVE = YES;
				CLANG_WARN_SUSPICIOUS_MOVES = YES;
				CLANG_WARN_UNREACHABLE_CODE = YES;
				CLANG_WARN__DUPLICATE_METHOD_MATCH = YES;
				"CODE_SIGN_IDENTITY[sdk=iphoneos*]" = "iPhone Developer";
				COPY_PHASE_STRIP = NO;
				DEBUG_INFORMATION_FORMAT = dwarf;
				ENABLE_STRICT_OBJC_MSGSEND = YES;
				ENABLE_TESTABILITY = YES;
				GCC_C_LANGUAGE_STANDARD = gnu99;
				GCC_DYNAMIC_NO_PIC = NO;
				GCC_NO_COMMON_BLOCKS = YES;
				GCC_OPTIMIZATION_LEVEL = 0;
				GCC_PREPROCESSOR_DEFINITIONS = (
					"DEBUG=1",
					"$(inherited)",
				);
				GCC_WARN_64_TO_32_BIT_CONVERSION = YES;
				GCC_WARN_ABOUT_RETURN_TYPE = YES_ERROR;
				GCC_WARN_UNDECLARED_SELECTOR = YES;
				GCC_WARN_UNINITIALIZED_AUTOS = YES_AGGRESSIVE;
				GCC_WARN_UNUSED_FUNCTION = YES;
				GCC_WARN_UNUSED_VARIABLE = YES;
				IPHONEOS_DEPLOYMENT_TARGET = 10.1;
				MTL_ENABLE_DEBUG_INFO = YES;
				ONLY_ACTIVE_ARCH = YES;
				SDKROOT = iphoneos;
				SWIFT_ACTIVE_COMPILATION_CONDITIONS = DEBUG;
				SWIFT_OPTIMIZATION_LEVEL = "-Onone";
				SWIFT_VERSION = 5.0;
			};
			name = Debug;
		};
		BEFB01721E018E3B00232F35 /* Release */ = {
			isa = XCBuildConfiguration;
			buildSettings = {
				ALWAYS_SEARCH_USER_PATHS = NO;
				CLANG_ANALYZER_LOCALIZABILITY_NONLOCALIZED = YES;
				CLANG_ANALYZER_NONNULL = YES;
				CLANG_CXX_LANGUAGE_STANDARD = "gnu++0x";
				CLANG_CXX_LIBRARY = "libc++";
				CLANG_ENABLE_MODULES = YES;
				CLANG_ENABLE_OBJC_ARC = YES;
				CLANG_WARN_BLOCK_CAPTURE_AUTORELEASING = YES;
				CLANG_WARN_BOOL_CONVERSION = YES;
				CLANG_WARN_COMMA = YES;
				CLANG_WARN_CONSTANT_CONVERSION = YES;
				CLANG_WARN_DEPRECATED_OBJC_IMPLEMENTATIONS = YES;
				CLANG_WARN_DIRECT_OBJC_ISA_USAGE = YES_ERROR;
				CLANG_WARN_DOCUMENTATION_COMMENTS = YES;
				CLANG_WARN_EMPTY_BODY = YES;
				CLANG_WARN_ENUM_CONVERSION = YES;
				CLANG_WARN_INFINITE_RECURSION = YES;
				CLANG_WARN_INT_CONVERSION = YES;
				CLANG_WARN_NON_LITERAL_NULL_CONVERSION = YES;
				CLANG_WARN_OBJC_IMPLICIT_RETAIN_SELF = YES;
				CLANG_WARN_OBJC_LITERAL_CONVERSION = YES;
				CLANG_WARN_OBJC_ROOT_CLASS = YES_ERROR;
				CLANG_WARN_RANGE_LOOP_ANALYSIS = YES;
				CLANG_WARN_STRICT_PROTOTYPES = YES;
				CLANG_WARN_SUSPICIOUS_MOVE = YES;
				CLANG_WARN_SUSPICIOUS_MOVES = YES;
				CLANG_WARN_UNREACHABLE_CODE = YES;
				CLANG_WARN__DUPLICATE_METHOD_MATCH = YES;
				"CODE_SIGN_IDENTITY[sdk=iphoneos*]" = "iPhone Developer";
				COPY_PHASE_STRIP = NO;
				DEBUG_INFORMATION_FORMAT = "dwarf-with-dsym";
				ENABLE_NS_ASSERTIONS = NO;
				ENABLE_STRICT_OBJC_MSGSEND = YES;
				GCC_C_LANGUAGE_STANDARD = gnu99;
				GCC_NO_COMMON_BLOCKS = YES;
				GCC_WARN_64_TO_32_BIT_CONVERSION = YES;
				GCC_WARN_ABOUT_RETURN_TYPE = YES_ERROR;
				GCC_WARN_UNDECLARED_SELECTOR = YES;
				GCC_WARN_UNINITIALIZED_AUTOS = YES_AGGRESSIVE;
				GCC_WARN_UNUSED_FUNCTION = YES;
				GCC_WARN_UNUSED_VARIABLE = YES;
				IPHONEOS_DEPLOYMENT_TARGET = 10.1;
				MTL_ENABLE_DEBUG_INFO = NO;
				SDKROOT = iphoneos;
				SWIFT_OPTIMIZATION_LEVEL = "-Owholemodule";
				SWIFT_VERSION = 5.0;
				VALIDATE_PRODUCT = YES;
			};
			name = Release;
		};
		BEFB01741E018E3B00232F35 /* Debug */ = {
			isa = XCBuildConfiguration;
			buildSettings = {
				ASSETCATALOG_COMPILER_APPICON_NAME = AppIcon;
				DEVELOPMENT_TEAM = BR6259N4VZ;
				INFOPLIST_FILE = MyCalc/Info.plist;
				IPHONEOS_DEPLOYMENT_TARGET = 10.2;
				LD_RUNPATH_SEARCH_PATHS = "$(inherited) @executable_path/Frameworks";
				PRODUCT_BUNDLE_IDENTIFIER = jp.ken.MyCalc;
				PRODUCT_NAME = "$(TARGET_NAME)";
				SWIFT_VERSION = 5.0;
			};
			name = Debug;
		};
		BEFB01751E018E3B00232F35 /* Release */ = {
			isa = XCBuildConfiguration;
			buildSettings = {
				ASSETCATALOG_COMPILER_APPICON_NAME = AppIcon;
				DEVELOPMENT_TEAM = BR6259N4VZ;
				INFOPLIST_FILE = MyCalc/Info.plist;
				IPHONEOS_DEPLOYMENT_TARGET = 10.2;
				LD_RUNPATH_SEARCH_PATHS = "$(inherited) @executable_path/Frameworks";
				PRODUCT_BUNDLE_IDENTIFIER = jp.ken.MyCalc;
				PRODUCT_NAME = "$(TARGET_NAME)";
				SWIFT_VERSION = 5.0;
			};
			name = Release;
		};
/* End XCBuildConfiguration section */

/* Begin XCConfigurationList section */
		BEFB015C1E018E3B00232F35 /* Build configuration list for PBXProject "MyCalc" */ = {
			isa = XCConfigurationList;
			buildConfigurations = (
				BEFB01711E018E3B00232F35 /* Debug */,
				BEFB01721E018E3B00232F35 /* Release */,
			);
			defaultConfigurationIsVisible = 0;
			defaultConfigurationName = Release;
		};
		BEFB01731E018E3B00232F35 /* Build configuration list for PBXNativeTarget "MyCalc" */ = {
			isa = XCConfigurationList;
			buildConfigurations = (
				BEFB01741E018E3B00232F35 /* Debug */,
				BEFB01751E018E3B00232F35 /* Release */,
			);
			defaultConfigurationIsVisible = 0;
			defaultConfigurationName = Release;
		};
/* End XCConfigurationList section */
	};
	rootObject = BEFB01591E018E3B00232F35 /* Project object */;
}
